github.com/matryer/is v1.4.0 h1:sosSmIWwkYITGrxZ25ULNDeKiMNzFSr4V/eqBQP0PeE=
github.com/matryer/is v1.4.0/go.mod h1:8I/i5uYgLzgsgEloJE1U6xx5HkBQpAZvepWuujKwMRU=
go.jlucktay.dev/version v0.2.0 h1:hkfiXENgbIoqBllDTwBjk5L+2cKLaMFQ+2Kly9i06ao=
go.jlucktay.dev/version v0.2.0/go.mod h1:GVPxAbRHnhQ3rzLpXPdjpZmxPe6UXLmdpdvebZGJjyY=
