github.com/aws/aws-sdk-go-v2 v1.37.2 h1:xkW1iMYawzcmYFYEV0UCMxc8gSsjCGEhBXQkdQywVbo=
github.com/aws/aws-sdk-go-v2 v1.37.2/go.mod h1:9Q0OoGQoboYIAJyslFyF1f5K1Ryddop8gqMhWx/n4Wg=
github.com/aws/aws-sdk-go-v2/aws/protocol/eventstream v1.7.0 h1:6GMWV6CNpA/6fbFHnoAjrv4+LGfyTqZz2LtCHnspgDg=
github.com/aws/aws-sdk-go-v2/aws/protocol/eventstream v1.7.0/go.mod h1:/mXlTIVG9jbxkqDnr5UQNQxW1HRYxeGklkM9vAFeabg=
github.com/aws/aws-sdk-go-v2/internal/configsources v1.4.2 h1:sPiRHLVUIIQcoVZTNwqQcdtjkqkPopyYmIX0M5ElRf4=
github.com/aws/aws-sdk-go-v2/internal/configsources v1.4.2/go.mod h1:ik86P3sgV+Bk7c1tBFCwI3VxMoSEwl4YkRB9xn1s340=
github.com/aws/aws-sdk-go-v2/internal/endpoints/v2 v2.7.2 h1:ZdzDAg075H6stMZtbD2o+PyB933M/f20e9WmCBC17wA=
github.com/aws/aws-sdk-go-v2/internal/endpoints/v2 v2.7.2/go.mod h1:eE1IIzXG9sdZCB0pNNpMpsYTLl4YdOQD3njiVN1e/E4=
github.com/aws/aws-sdk-go-v2/internal/v4a v1.4.2 h1:sBpc8Ph6CpfZsEdkz/8bfg8WhKlWMCms5iWj6W/AW2U=
github.com/aws/aws-sdk-go-v2/internal/v4a v1.4.2/go.mod h1:Z2lDojZB+92Wo6EKiZZmJid9pPrDJW2NNIXSlaEfVlU=
github.com/aws/aws-sdk-go-v2/service/internal/accept-encoding v1.13.0 h1:6+lZi2JeGKtCraAj1rpoZfKqnQ9SptseRZioejfUOLM=
github.com/aws/aws-sdk-go-v2/service/internal/accept-encoding v1.13.0/go.mod h1:eb3gfbVIxIoGgJsi9pGne19dhCBpK6opTYpQqAmdy44=
github.com/aws/aws-sdk-go-v2/service/internal/checksum v1.8.2 h1:blV3dY6WbxIVOFggfYIo2E1Q2lZoy5imS7nKgu5m6Tc=
github.com/aws/aws-sdk-go-v2/service/internal/checksum v1.8.2/go.mod h1:cBWNeLBjHJRSmXAxdS7mwiMUEgx6zup4wQ9J+/PcsRQ=
github.com/aws/aws-sdk-go-v2/service/internal/presigned-url v1.13.2 h1:oxmDEO14NBZJbK/M8y3brhMFEIGN4j8a6Aq8eY0sqlo=
github.com/aws/aws-sdk-go-v2/service/internal/presigned-url v1.13.2/go.mod h1:4hH+8QCrk1uRWDPsVfsNDUup3taAjO8Dnx63au7smAU=
github.com/aws/aws-sdk-go-v2/service/internal/s3shared v1.19.2 h1:0hBNFAPwecERLzkhhBY+lQKUMpXSKVv4Sxovikrioms=
github.com/aws/aws-sdk-go-v2/service/internal/s3shared v1.19.2/go.mod h1:Vcnh4KyR4imrrjGN7A2kP2v9y6EPudqoPKXtnmBliPU=
github.com/aws/aws-sdk-go-v2/service/s3 v1.86.0 h1:utPhv4ECQzJIUbtx7vMN4A8uZxlQ5tSt1H1toPI41h8=
github.com/aws/aws-sdk-go-v2/service/s3 v1.86.0/go.mod h1:1/eZYtTWazDgVl96LmGdGktHFi7prAcGCrJ9JGvBITU=
github.com/aws/smithy-go v1.22.5 h1:P9ATCXPMb2mPjYBgueqJNCA5S9UfktsW0tTxi+a7eqw=
github.com/aws/smithy-go v1.22.5/go.mod h1:t1ufH5HMublsJYulve2RKmHDC15xu1f26kHCp/HgceI=
